<?xml version="1.0" encoding="utf-8"?>
<Project ToolsVersion="4.0" xmlns="http://schemas.microsoft.com/developer/msbuild/2003">
  <ItemGroup>
    <ClCompile Include="src\headers\trtsp_header.c">
      <Filter>source%28%2a.c%29\headers</Filter>
    </ClCompile>
    <ClCompile Include="src\headers\trtsp_header_Authorization.c">
      <Filter>source%28%2a.c%29\headers</Filter>
    </ClCompile>
    <ClCompile Include="src\headers\trtsp_header_Content_Length.c">
      <Filter>source%28%2a.c%29\headers</Filter>
    </ClCompile>
    <ClCompile Include="src\headers\trtsp_header_Content_Type.c">
      <Filter>source%28%2a.c%29\headers</Filter>
    </ClCompile>
    <ClCompile Include="src\headers\trtsp_header_CSeq.c">
      <Filter>source%28%2a.c%29\headers</Filter>
    </ClCompile>
    <ClCompile Include="src\headers\trtsp_header_Dummy.c">
      <Filter>source%28%2a.c%29\headers</Filter>
    </ClCompile>
    <ClCompile Include="src\headers\trtsp_header_WWW_Authenticate.c">
      <Filter>source%28%2a.c%29\headers</Filter>
    </ClCompile>
    <ClCompile Include="src\parsers\trtsp_parser_header.c">
      <Filter>source%28%2a.c%29\parsers</Filter>
    </ClCompile>
    <ClCompile Include="src\parsers\trtsp_parser_message.c">
      <Filter>source%28%2a.c%29\parsers</Filter>
    </ClCompile>
    <ClCompile Include="src\parsers\trtsp_parser_url.c">
      <Filter>source%28%2a.c%29\parsers</Filter>
    </ClCompile>
    <ClCompile Include="src\trtsp.c">
      <Filter>source%28%2a.c%29</Filter>
    </ClCompile>
    <ClCompile Include="src\trtsp_action.c">
      <Filter>source%28%2a.c%29</Filter>
    </ClCompile>
    <ClCompile Include="src\trtsp_dialog.c">
      <Filter>source%28%2a.c%29</Filter>
    </ClCompile>
    <ClCompile Include="src\trtsp_event.c">
      <Filter>source%28%2a.c%29</Filter>
    </ClCompile>
    <ClCompile Include="src\trtsp_message.c">
      <Filter>source%28%2a.c%29</Filter>
    </ClCompile>
    <ClCompile Include="src\trtsp_session.c">
      <Filter>source%28%2a.c%29</Filter>
    </ClCompile>
    <ClCompile Include="src\trtsp_url.c">
      <Filter>source%28%2a.c%29</Filter>
    </ClCompile>
    <ClCompile Include="src\auth\trtsp_auth.c">
      <Filter>source%28%2a.c%29\auth</Filter>
    </ClCompile>
    <ClCompile Include="src\auth\trtsp_challenge.c">
      <Filter>source%28%2a.c%29\auth</Filter>
    </ClCompile>
    <ClCompile Include="src\headers\trtsp_header_Session.c">
      <Filter>source%28%2a.c%29\headers</Filter>
    </ClCompile>
    <ClCompile Include="src\headers\trtsp_header_Transport.c">
      <Filter>source%28%2a.c%29\headers</Filter>
    </ClCompile>
  </ItemGroup>
  <ItemGroup>
    <ClInclude Include="include\tinyRTSP\headers\trtsp_header.h">
      <Filter>include%28%2a.h%29\headers</Filter>
    </ClInclude>
    <ClInclude Include="include\tinyRTSP\headers\trtsp_header_Authorization.h">
      <Filter>include%28%2a.h%29\headers</Filter>
    </ClInclude>
    <ClInclude Include="include\tinyRTSP\headers\trtsp_header_Content_Length.h">
      <Filter>include%28%2a.h%29\headers</Filter>
    </ClInclude>
    <ClInclude Include="include\tinyRTSP\headers\trtsp_header_Content_Type.h">
      <Filter>include%28%2a.h%29\headers</Filter>
    </ClInclude>
    <ClInclude Include="include\tinyRTSP\headers\trtsp_header_Dummy.h">
      <Filter>include%28%2a.h%29\headers</Filter>
    </ClInclude>
    <ClInclude Include="include\tinyRTSP\headers\trtsp_header_CSeq.h">
      <Filter>include%28%2a.h%29\headers</Filter>
    </ClInclude>
    <ClInclude Include="include\tinyRTSP\headers\trtsp_header_WWW_Authenticate.h">
      <Filter>include%28%2a.h%29\headers</Filter>
    </ClInclude>
    <ClInclude Include="include\trtsp.h">
      <Filter>include%28%2a.h%29</Filter>
    </ClInclude>
    <ClInclude Include="include\tinyRTSP\trtsp_action.h">
      <Filter>include%28%2a.h%29</Filter>
    </ClInclude>
    <ClInclude Include="include\tinyRTSP\trtsp_dialog.h">
      <Filter>include%28%2a.h%29</Filter>
    </ClInclude>
    <ClInclude Include="include\tinyRTSP\trtsp_event.h">
      <Filter>include%28%2a.h%29</Filter>
    </ClInclude>
    <ClInclude Include="include\tinyRTSP\trtsp_message.h">
      <Filter>include%28%2a.h%29</Filter>
    </ClInclude>
    <ClInclude Include="include\tinyRTSP\trtsp_session.h">
      <Filter>include%28%2a.h%29</Filter>
    </ClInclude>
    <ClInclude Include="include\tinyRTSP\trtsp_url.h">
      <Filter>include%28%2a.h%29</Filter>
    </ClInclude>
    <ClInclude Include="include\tinyrtsp.h">
      <Filter>include%28%2a.h%29</Filter>
    </ClInclude>
    <ClInclude Include="include\tinyrtsp_config.h">
      <Filter>include%28%2a.h%29</Filter>
    </ClInclude>
    <ClInclude Include="include\tinyRTSP\parsers\trtsp_parser_header.h">
      <Filter>include%28%2a.h%29\parsers</Filter>
    </ClInclude>
    <ClInclude Include="include\tinyRTSP\parsers\trtsp_parser_message.h">
      <Filter>include%28%2a.h%29\parsers</Filter>
    </ClInclude>
    <ClInclude Include="include\tinyRTSP\parsers\trtsp_parser_url.h">
      <Filter>include%28%2a.h%29\parsers</Filter>
    </ClInclude>
    <ClInclude Include="include\tinyrtsp\trtsp_message_common.h">
      <Filter>include%28%2a.h%29</Filter>
    </ClInclude>
    <ClInclude Include="include\tinyrtsp\headers\trtsp_header_Session.h">
      <Filter>include%28%2a.h%29\headers</Filter>
    </ClInclude>
    <ClInclude Include="include\tinyrtsp\auth\trtsp_auth.h">
      <Filter>include%28%2a.h%29\auth</Filter>
    </ClInclude>
    <ClInclude Include="include\tinyrtsp\auth\trtsp_challenge.h">
      <Filter>include%28%2a.h%29\auth</Filter>
    </ClInclude>
    <ClInclude Include="include\tinyrtsp\headers\trtsp_header_Transport.h">
      <Filter>include%28%2a.h%29\headers</Filter>
    </ClInclude>
  </ItemGroup>
  <ItemGroup>
    <ResourceCompile Include="version.rc" />
  </ItemGroup>
  <ItemGroup>
    <None Include="ragel\trtsp_machine_header.rl">
      <Filter>ragel%28%2a.rl%29</Filter>
    </None>
    <None Include="ragel\trtsp_machine_message.rl">
      <Filter>ragel%28%2a.rl%29</Filter>
    </None>
    <None Include="ragel\trtsp_machine_utils.rl">
      <Filter>ragel%28%2a.rl%29</Filter>
    </None>
    <None Include="ragel\trtsp_parser_header.rl">
      <Filter>ragel%28%2a.rl%29</Filter>
    </None>
    <None Include="ragel\trtsp_parser_header_Authorization.rl">
      <Filter>ragel%28%2a.rl%29</Filter>
    </None>
    <None Include="ragel\trtsp_parser_header_Content_Length.rl">
      <Filter>ragel%28%2a.rl%29</Filter>
    </None>
    <None Include="ragel\trtsp_parser_header_Content_Type.rl">
      <Filter>ragel%28%2a.rl%29</Filter>
    </None>
    <None Include="ragel\trtsp_parser_header_Dummy.rl">
      <Filter>ragel%28%2a.rl%29</Filter>
    </None>
    <None Include="ragel\trtsp_parser_header_CSeq.rl">
      <Filter>ragel%28%2a.rl%29</Filter>
    </None>
    <None Include="ragel\trtsp_parser_header_WWW_Authenticate.rl">
      <Filter>ragel%28%2a.rl%29</Filter>
    </None>
    <None Include="ragel\trtsp_parser_message.rl">
      <Filter>ragel%28%2a.rl%29</Filter>
    </None>
    <None Include="ragel\trtsp_parser_url.rl">
      <Filter>ragel%28%2a.rl%29</Filter>
    </None>
  </ItemGroup>
  <ItemGroup>
    <Filter Include="include%28%2a.h%29">
      <UniqueIdentifier>{84ed5f32-cc6d-4ea4-b2af-ca32c56b04a0}</UniqueIdentifier>
    </Filter>
    <Filter Include="include%28%2a.h%29\headers">
      <UniqueIdentifier>{4a4c12a1-ee26-4825-a81e-a066694efed1}</UniqueIdentifier>
    </Filter>
    <Filter Include="include%28%2a.h%29\parsers">
      <UniqueIdentifier>{710dea6a-acdd-49b1-844b-29ecd6e15fcb}</UniqueIdentifier>
    </Filter>
    <Filter Include="ragel%28%2a.rl%29">
      <UniqueIdentifier>{77cc0f49-889d-4887-ab32-24711d28b622}</UniqueIdentifier>
    </Filter>
    <Filter Include="source%28%2a.c%29">
      <UniqueIdentifier>{0455ce12-91f4-4a26-b904-85fc95d12318}</UniqueIdentifier>
    </Filter>
    <Filter Include="source%28%2a.c%29\headers">
      <UniqueIdentifier>{17b21b3e-73f5-49b1-99d4-158d4bb20e34}</UniqueIdentifier>
    </Filter>
    <Filter Include="source%28%2a.c%29\parsers">
      <UniqueIdentifier>{aeddb839-158d-4207-a7df-782862d2eadf}</UniqueIdentifier>
    </Filter>
    <Filter Include="resources%28%2a.rc%29">
      <UniqueIdentifier>{4423a59e-15df-4def-93e8-6245e1490413}</UniqueIdentifier>
    </Filter>
    <Filter Include="source%28%2a.c%29\auth">
      <UniqueIdentifier>{1a2e6e55-3066-41bd-8ce7-318cd29b9654}</UniqueIdentifier>
    </Filter>
    <Filter Include="include%28%2a.h%29\auth">
      <UniqueIdentifier>{f82330af-84bf-493d-842b-de0dc444a061}</UniqueIdentifier>
    </Filter>
  </ItemGroup>
</Project>